// !$*UTF8*$!
{
	archiveVersion = 1;
	classes = {
	};
	objectVersion = 50;
	objects = {

/* Begin PBXBuildFile section */
		07F170FC25CDFC50001C39C6 /* AppDelegate.swift in Sources */ = {isa = PBXBuildFile; fileRef = 07F170FB25CDFC50001C39C6 /* AppDelegate.swift */; };
		07F170FE25CDFC50001C39C6 /* SceneDelegate.swift in Sources */ = {isa = PBXBuildFile; fileRef = 07F170FD25CDFC50001C39C6 /* SceneDelegate.swift */; };
		07F1710025CDFC50001C39C6 /* ViewController.swift in Sources */ = {isa = PBXBuildFile; fileRef = 07F170FF25CDFC50001C39C6 /* ViewController.swift */; };
		07F1710325CDFC50001C39C6 /* Main.storyboard in Resources */ = {isa = PBXBuildFile; fileRef = 07F1710125CDFC50001C39C6 /* Main.storyboard */; };
		07F1710525CDFC55001C39C6 /* Assets.xcassets in Resources */ = {isa = PBXBuildFile; fileRef = 07F1710425CDFC55001C39C6 /* Assets.xcassets */; };
		07F1710825CDFC55001C39C6 /* LaunchScreen.storyboard in Resources */ = {isa = PBXBuildFile; fileRef = 07F1710625CDFC55001C39C6 /* LaunchScreen.storyboard */; };
		07F1711325CDFC55001C39C6 /* SeatGeek_ProjectTests.swift in Sources */ = {isa = PBXBuildFile; fileRef = 07F1711225CDFC55001C39C6 /* SeatGeek_ProjectTests.swift */; };
		07F1711E25CDFC55001C39C6 /* SeatGeek_ProjectUITests.swift in Sources */ = {isa = PBXBuildFile; fileRef = 07F1711D25CDFC55001C39C6 /* SeatGeek_ProjectUITests.swift */; };
		07F1715125CE0313001C39C6 /* Event.swift in Sources */ = {isa = PBXBuildFile; fileRef = 07F1715025CE0313001C39C6 /* Event.swift */; };
		07F1715925CE071D001C39C6 /* EventTableViewCell.swift in Sources */ = {isa = PBXBuildFile; fileRef = 07F1715825CE071D001C39C6 /* EventTableViewCell.swift */; };
		07FC1D5D25CF8FC6009517D3 /* DetailViewController.swift in Sources */ = {isa = PBXBuildFile; fileRef = 07FC1D5C25CF8FC6009517D3 /* DetailViewController.swift */; };
/* End PBXBuildFile section */

/* Begin PBXContainerItemProxy section */
		07F1710F25CDFC55001C39C6 /* PBXContainerItemProxy */ = {
			isa = PBXContainerItemProxy;
			containerPortal = 07F170F025CDFC50001C39C6 /* Project object */;
			proxyType = 1;
			remoteGlobalIDString = 07F170F725CDFC50001C39C6;
			remoteInfo = "SeatGeek Project";
		};
		07F1711A25CDFC55001C39C6 /* PBXContainerItemProxy */ = {
			isa = PBXContainerItemProxy;
			containerPortal = 07F170F025CDFC50001C39C6 /* Project object */;
			proxyType = 1;
			remoteGlobalIDString = 07F170F725CDFC50001C39C6;
			remoteInfo = "SeatGeek Project";
		};
/* End PBXContainerItemProxy section */

/* Begin PBXFileReference section */
		07F170F825CDFC50001C39C6 /* SeatGeek Project.app */ = {isa = PBXFileReference; explicitFileType = wrapper.application; includeInIndex = 0; path = "SeatGeek Project.app"; sourceTree = BUILT_PRODUCTS_DIR; };
		07F170FB25CDFC50001C39C6 /* AppDelegate.swift */ = {isa = PBXFileReference; lastKnownFileType = sourcecode.swift; path = AppDelegate.swift; sourceTree = "<group>"; };
		07F170FD25CDFC50001C39C6 /* SceneDelegate.swift */ = {isa = PBXFileReference; lastKnownFileType = sourcecode.swift; path = SceneDelegate.swift; sourceTree = "<group>"; };
		07F170FF25CDFC50001C39C6 /* ViewController.swift */ = {isa = PBXFileReference; lastKnownFileType = sourcecode.swift; path = ViewController.swift; sourceTree = "<group>"; };
		07F1710225CDFC50001C39C6 /* Base */ = {isa = PBXFileReference; lastKnownFileType = file.storyboard; name = Base; path = Base.lproj/Main.storyboard; sourceTree = "<group>"; };
		07F1710425CDFC55001C39C6 /* Assets.xcassets */ = {isa = PBXFileReference; lastKnownFileType = folder.assetcatalog; path = Assets.xcassets; sourceTree = "<group>"; };
		07F1710725CDFC55001C39C6 /* Base */ = {isa = PBXFileReference; lastKnownFileType = file.storyboard; name = Base; path = Base.lproj/LaunchScreen.storyboard; sourceTree = "<group>"; };
		07F1710925CDFC55001C39C6 /* Info.plist */ = {isa = PBXFileReference; lastKnownFileType = text.plist.xml; path = Info.plist; sourceTree = "<group>"; };
		07F1710E25CDFC55001C39C6 /* SeatGeek ProjectTests.xctest */ = {isa = PBXFileReference; explicitFileType = wrapper.cfbundle; includeInIndex = 0; path = "SeatGeek ProjectTests.xctest"; sourceTree = BUILT_PRODUCTS_DIR; };
		07F1711225CDFC55001C39C6 /* SeatGeek_ProjectTests.swift */ = {isa = PBXFileReference; lastKnownFileType = sourcecode.swift; path = SeatGeek_ProjectTests.swift; sourceTree = "<group>"; };
		07F1711425CDFC55001C39C6 /* Info.plist */ = {isa = PBXFileReference; lastKnownFileType = text.plist.xml; path = Info.plist; sourceTree = "<group>"; };
		07F1711925CDFC55001C39C6 /* SeatGeek ProjectUITests.xctest */ = {isa = PBXFileReference; explicitFileType = wrapper.cfbundle; includeInIndex = 0; path = "SeatGeek ProjectUITests.xctest"; sourceTree = BUILT_PRODUCTS_DIR; };
		07F1711D25CDFC55001C39C6 /* SeatGeek_ProjectUITests.swift */ = {isa = PBXFileReference; lastKnownFileType = sourcecode.swift; path = SeatGeek_ProjectUITests.swift; sourceTree = "<group>"; };
		07F1711F25CDFC55001C39C6 /* Info.plist */ = {isa = PBXFileReference; lastKnownFileType = text.plist.xml; path = Info.plist; sourceTree = "<group>"; };
		07F1715025CE0313001C39C6 /* Event.swift */ = {isa = PBXFileReference; lastKnownFileType = sourcecode.swift; path = Event.swift; sourceTree = "<group>"; };
		07F1715825CE071D001C39C6 /* EventTableViewCell.swift */ = {isa = PBXFileReference; lastKnownFileType = sourcecode.swift; path = EventTableViewCell.swift; sourceTree = "<group>"; };
		07FC1D5C25CF8FC6009517D3 /* DetailViewController.swift */ = {isa = PBXFileReference; lastKnownFileType = sourcecode.swift; path = DetailViewController.swift; sourceTree = "<group>"; };
/* End PBXFileReference section */

/* Begin PBXFrameworksBuildPhase section */
		07F170F525CDFC50001C39C6 /* Frameworks */ = {
			isa = PBXFrameworksBuildPhase;
			buildActionMask = 2147483647;
			files = (
			);
			runOnlyForDeploymentPostprocessing = 0;
		};
		07F1710B25CDFC55001C39C6 /* Frameworks */ = {
			isa = PBXFrameworksBuildPhase;
			buildActionMask = 2147483647;
			files = (
			);
			runOnlyForDeploymentPostprocessing = 0;
		};
		07F1711625CDFC55001C39C6 /* Frameworks */ = {
			isa = PBXFrameworksBuildPhase;
			buildActionMask = 2147483647;
			files = (
			);
			runOnlyForDeploymentPostprocessing = 0;
		};
/* End PBXFrameworksBuildPhase section */

/* Begin PBXGroup section */
		07F170EF25CDFC4F001C39C6 = {
			isa = PBXGroup;
			children = (
				07F170FA25CDFC50001C39C6 /* SeatGeek Project */,
				07F1711125CDFC55001C39C6 /* SeatGeek ProjectTests */,
				07F1711C25CDFC55001C39C6 /* SeatGeek ProjectUITests */,
				07F170F925CDFC50001C39C6 /* Products */,
			);
			sourceTree = "<group>";
		};
		07F170F925CDFC50001C39C6 /* Products */ = {
			isa = PBXGroup;
			children = (
				07F170F825CDFC50001C39C6 /* SeatGeek Project.app */,
				07F1710E25CDFC55001C39C6 /* SeatGeek ProjectTests.xctest */,
				07F1711925CDFC55001C39C6 /* SeatGeek ProjectUITests.xctest */,
			);
			name = Products;
			sourceTree = "<group>";
		};
		07F170FA25CDFC50001C39C6 /* SeatGeek Project */ = {
			isa = PBXGroup;
			children = (
				07F1713225CDFCC1001C39C6 /* Models */,
				07F1713325CDFCC6001C39C6 /* Views */,
				07F1713425CDFCCC001C39C6 /* Controllers */,
				07F170FB25CDFC50001C39C6 /* AppDelegate.swift */,
				07F170FD25CDFC50001C39C6 /* SceneDelegate.swift */,
				07F1710425CDFC55001C39C6 /* Assets.xcassets */,
				07F1710625CDFC55001C39C6 /* LaunchScreen.storyboard */,
				07F1710925CDFC55001C39C6 /* Info.plist */,
			);
			path = "SeatGeek Project";
			sourceTree = "<group>";
		};
		07F1711125CDFC55001C39C6 /* SeatGeek ProjectTests */ = {
			isa = PBXGroup;
			children = (
				07F1711225CDFC55001C39C6 /* SeatGeek_ProjectTests.swift */,
				07F1711425CDFC55001C39C6 /* Info.plist */,
			);
			path = "SeatGeek ProjectTests";
			sourceTree = "<group>";
		};
		07F1711C25CDFC55001C39C6 /* SeatGeek ProjectUITests */ = {
			isa = PBXGroup;
			children = (
				07F1711D25CDFC55001C39C6 /* SeatGeek_ProjectUITests.swift */,
				07F1711F25CDFC55001C39C6 /* Info.plist */,
			);
			path = "SeatGeek ProjectUITests";
			sourceTree = "<group>";
		};
		07F1713225CDFCC1001C39C6 /* Models */ = {
			isa = PBXGroup;
			children = (
				07F1715025CE0313001C39C6 /* Event.swift */,
			);
			path = Models;
			sourceTree = "<group>";
		};
		07F1713325CDFCC6001C39C6 /* Views */ = {
			isa = PBXGroup;
			children = (
				07F1710125CDFC50001C39C6 /* Main.storyboard */,
				07F1715825CE071D001C39C6 /* EventTableViewCell.swift */,
			);
			path = Views;
			sourceTree = "<group>";
		};
		07F1713425CDFCCC001C39C6 /* Controllers */ = {
			isa = PBXGroup;
			children = (
				07F170FF25CDFC50001C39C6 /* ViewController.swift */,
				07FC1D5C25CF8FC6009517D3 /* DetailViewController.swift */,
			);
			path = Controllers;
			sourceTree = "<group>";
		};
/* End PBXGroup section */

/* Begin PBXNativeTarget section */
		07F170F725CDFC50001C39C6 /* SeatGeek Project */ = {
			isa = PBXNativeTarget;
			buildConfigurationList = 07F1712225CDFC55001C39C6 /* Build configuration list for PBXNativeTarget "SeatGeek Project" */;
			buildPhases = (
				07F170F425CDFC50001C39C6 /* Sources */,
				07F170F525CDFC50001C39C6 /* Frameworks */,
				07F170F625CDFC50001C39C6 /* Resources */,
			);
			buildRules = (
			);
			dependencies = (
			);
			name = "SeatGeek Project";
			productName = "SeatGeek Project";
			productReference = 07F170F825CDFC50001C39C6 /* SeatGeek Project.app */;
			productType = "com.apple.product-type.application";
		};
		07F1710D25CDFC55001C39C6 /* SeatGeek ProjectTests */ = {
			isa = PBXNativeTarget;
			buildConfigurationList = 07F1712525CDFC55001C39C6 /* Build configuration list for PBXNativeTarget "SeatGeek ProjectTests" */;
			buildPhases = (
				07F1710A25CDFC55001C39C6 /* Sources */,
				07F1710B25CDFC55001C39C6 /* Frameworks */,
				07F1710C25CDFC55001C39C6 /* Resources */,
			);
			buildRules = (
			);
			dependencies = (
				07F1711025CDFC55001C39C6 /* PBXTargetDependency */,
			);
			name = "SeatGeek ProjectTests";
			productName = "SeatGeek ProjectTests";
			productReference = 07F1710E25CDFC55001C39C6 /* SeatGeek ProjectTests.xctest */;
			productType = "com.apple.product-type.bundle.unit-test";
		};
		07F1711825CDFC55001C39C6 /* SeatGeek ProjectUITests */ = {
			isa = PBXNativeTarget;
			buildConfigurationList = 07F1712825CDFC55001C39C6 /* Build configuration list for PBXNativeTarget "SeatGeek ProjectUITests" */;
			buildPhases = (
				07F1711525CDFC55001C39C6 /* Sources */,
				07F1711625CDFC55001C39C6 /* Frameworks */,
				07F1711725CDFC55001C39C6 /* Resources */,
			);
			buildRules = (
			);
			dependencies = (
				07F1711B25CDFC55001C39C6 /* PBXTargetDependency */,
			);
			name = "SeatGeek ProjectUITests";
			productName = "SeatGeek ProjectUITests";
			productReference = 07F1711925CDFC55001C39C6 /* SeatGeek ProjectUITests.xctest */;
			productType = "com.apple.product-type.bundle.ui-testing";
		};
/* End PBXNativeTarget section */

/* Begin PBXProject section */
		07F170F025CDFC50001C39C6 /* Project object */ = {
			isa = PBXProject;
			attributes = {
				LastSwiftUpdateCheck = 1230;
				LastUpgradeCheck = 1230;
				TargetAttributes = {
					07F170F725CDFC50001C39C6 = {
						CreatedOnToolsVersion = 12.3;
					};
					07F1710D25CDFC55001C39C6 = {
						CreatedOnToolsVersion = 12.3;
						TestTargetID = 07F170F725CDFC50001C39C6;
					};
					07F1711825CDFC55001C39C6 = {
						CreatedOnToolsVersion = 12.3;
						TestTargetID = 07F170F725CDFC50001C39C6;
					};
				};
			};
			buildConfigurationList = 07F170F325CDFC50001C39C6 /* Build configuration list for PBXProject "SeatGeek Project" */;
			compatibilityVersion = "Xcode 9.3";
			developmentRegion = en;
			hasScannedForEncodings = 0;
			knownRegions = (
				en,
				Base,
			);
			mainGroup = 07F170EF25CDFC4F001C39C6;
			productRefGroup = 07F170F925CDFC50001C39C6 /* Products */;
			projectDirPath = "";
			projectRoot = "";
			targets = (
				07F170F725CDFC50001C39C6 /* SeatGeek Project */,
				07F1710D25CDFC55001C39C6 /* SeatGeek ProjectTests */,
				07F1711825CDFC55001C39C6 /* SeatGeek ProjectUITests */,
			);
		};
/* End PBXProject section */

/* Begin PBXResourcesBuildPhase section */
		07F170F625CDFC50001C39C6 /* Resources */ = {
			isa = PBXResourcesBuildPhase;
			buildActionMask = 2147483647;
			files = (
				07F1710825CDFC55001C39C6 /* LaunchScreen.storyboard in Resources */,
				07F1710525CDFC55001C39C6 /* Assets.xcassets in Resources */,
				07F1710325CDFC50001C39C6 /* Main.storyboard in Resources */,
			);
			runOnlyForDeploymentPostprocessing = 0;
		};
		07F1710C25CDFC55001C39C6 /* Resources */ = {
			isa = PBXResourcesBuildPhase;
			buildActionMask = 2147483647;
			files = (
			);
			runOnlyForDeploymentPostprocessing = 0;
		};
		07F1711725CDFC55001C39C6 /* Resources */ = {
			isa = PBXResourcesBuildPhase;
			buildActionMask = 2147483647;
			files = (
			);
			runOnlyForDeploymentPostprocessing = 0;
		};
/* End PBXResourcesBuildPhase section */

/* Begin PBXSourcesBuildPhase section */
		07F170F425CDFC50001C39C6 /* Sources */ = {
			isa = PBXSourcesBuildPhase;
			buildActionMask = 2147483647;
			files = (
				07F1710025CDFC50001C39C6 /* ViewController.swift in Sources */,
				07F170FC25CDFC50001C39C6 /* AppDelegate.swift in Sources */,
				07F170FE25CDFC50001C39C6 /* SceneDelegate.swift in Sources */,
				07F1715925CE071D001C39C6 /* EventTableViewCell.swift in Sources */,
				07F1715125CE0313001C39C6 /* Event.swift in Sources */,
				07FC1D5D25CF8FC6009517D3 /* DetailViewController.swift in Sources */,
			);
			runOnlyForDeploymentPostprocessing = 0;
		};
		07F1710A25CDFC55001C39C6 /* Sources */ = {
			isa = PBXSourcesBuildPhase;
			buildActionMask = 2147483647;
			files = (
				07F1711325CDFC55001C39C6 /* SeatGeek_ProjectTests.swift in Sources */,
			);
			runOnlyForDeploymentPostprocessing = 0;
		};
		07F1711525CDFC55001C39C6 /* Sources */ = {
			isa = PBXSourcesBuildPhase;
			buildActionMask = 2147483647;
			files = (
				07F1711E25CDFC55001C39C6 /* SeatGeek_ProjectUITests.swift in Sources */,
			);
			runOnlyForDeploymentPostprocessing = 0;
		};
/* End PBXSourcesBuildPhase section */

/* Begin PBXTargetDependency section */
		07F1711025CDFC55001C39C6 /* PBXTargetDependency */ = {
			isa = PBXTargetDependency;
			target = 07F170F725CDFC50001C39C6 /* SeatGeek Project */;
			targetProxy = 07F1710F25CDFC55001C39C6 /* PBXContainerItemProxy */;
		};
		07F1711B25CDFC55001C39C6 /* PBXTargetDependency */ = {
			isa = PBXTargetDependency;
			target = 07F170F725CDFC50001C39C6 /* SeatGeek Project */;
			targetProxy = 07F1711A25CDFC55001C39C6 /* PBXContainerItemProxy */;
		};
/* End PBXTargetDependency section */

/* Begin PBXVariantGroup section */
		07F1710125CDFC50001C39C6 /* Main.storyboard */ = {
			isa = PBXVariantGroup;
			children = (
				07F1710225CDFC50001C39C6 /* Base */,
			);
			name = Main.storyboard;
			sourceTree = "<group>";
		};
		07F1710625CDFC55001C39C6 /* LaunchScreen.storyboard */ = {
			isa = PBXVariantGroup;
			children = (
				07F1710725CDFC55001C39C6 /* Base */,
			);
			name = LaunchScreen.storyboard;
			sourceTree = "<group>";
		};
/* End PBXVariantGroup section */

/* Begin XCBuildConfiguration section */
		07F1712025CDFC55001C39C6 /* Debug */ = {
			isa = XCBuildConfiguration;
			buildSettings = {
				ALWAYS_SEARCH_USER_PATHS = NO;
				CLANG_ANALYZER_NONNULL = YES;
				CLANG_ANALYZER_NUMBER_OBJECT_CONVERSION = YES_AGGRESSIVE;
				CLANG_CXX_LANGUAGE_STANDARD = "gnu++14";
				CLANG_CXX_LIBRARY = "libc++";
				CLANG_ENABLE_MODULES = YES;
				CLANG_ENABLE_OBJC_ARC = YES;
				CLANG_ENABLE_OBJC_WEAK = YES;
				CLANG_WARN_BLOCK_CAPTURE_AUTORELEASING = YES;
				CLANG_WARN_BOOL_CONVERSION = YES;
				CLANG_WARN_COMMA = YES;
				CLANG_WARN_CONSTANT_CONVERSION = YES;
				CLANG_WARN_DEPRECATED_OBJC_IMPLEMENTATIONS = YES;
				CLANG_WARN_DIRECT_OBJC_ISA_USAGE = YES_ERROR;
				CLANG_WARN_DOCUMENTATION_COMMENTS = YES;
				CLANG_WARN_EMPTY_BODY = YES;
				CLANG_WARN_ENUM_CONVERSION = YES;
				CLANG_WARN_INFINITE_RECURSION = YES;
				CLANG_WARN_INT_CONVERSION = YES;
				CLANG_WARN_NON_LITERAL_NULL_CONVERSION = YES;
				CLANG_WARN_OBJC_IMPLICIT_RETAIN_SELF = YES;
				CLANG_WARN_OBJC_LITERAL_CONVERSION = YES;
				CLANG_WARN_OBJC_ROOT_CLASS = YES_ERROR;
				CLANG_WARN_QUOTED_INCLUDE_IN_FRAMEWORK_HEADER = YES;
				CLANG_WARN_RANGE_LOOP_ANALYSIS = YES;
				CLANG_WARN_STRICT_PROTOTYPES = YES;
				CLANG_WARN_SUSPICIOUS_MOVE = YES;
				CLANG_WARN_UNGUARDED_AVAILABILITY = YES_AGGRESSIVE;
				CLANG_WARN_UNREACHABLE_CODE = YES;
				CLANG_WARN__DUPLICATE_METHOD_MATCH = YES;
				COPY_PHASE_STRIP = NO;
				DEBUG_INFORMATION_FORMAT = dwarf;
				ENABLE_STRICT_OBJC_MSGSEND = YES;
				ENABLE_TESTABILITY = YES;
				GCC_C_LANGUAGE_STANDARD = gnu11;
				GCC_DYNAMIC_NO_PIC = NO;
				GCC_NO_COMMON_BLOCKS = YES;
				GCC_OPTIMIZATION_LEVEL = 0;
				GCC_PREPROCESSOR_DEFINITIONS = (
					"DEBUG=1",
					"$(inherited)",
				);
				GCC_WARN_64_TO_32_BIT_CONVERSION = YES;
				GCC_WARN_ABOUT_RETURN_TYPE = YES_ERROR;
				GCC_WARN_UNDECLARED_SELECTOR = YES;
				GCC_WARN_UNINITIALIZED_AUTOS = YES_AGGRESSIVE;
				GCC_WARN_UNUSED_FUNCTION = YES;
				GCC_WARN_UNUSED_VARIABLE = YES;
				IPHONEOS_DEPLOYMENT_TARGET = 14.3;
				MTL_ENABLE_DEBUG_INFO = INCLUDE_SOURCE;
				MTL_FAST_MATH = YES;
				ONLY_ACTIVE_ARCH = YES;
				SDKROOT = iphoneos;
				SWIFT_ACTIVE_COMPILATION_CONDITIONS = DEBUG;
				SWIFT_OPTIMIZATION_LEVEL = "-Onone";
			};
			name = Debug;
		};
		07F1712125CDFC55001C39C6 /* Release */ = {
			isa = XCBuildConfiguration;
			buildSettings = {
				ALWAYS_SEARCH_USER_PATHS = NO;
				CLANG_ANALYZER_NONNULL = YES;
				CLANG_ANALYZER_NUMBER_OBJECT_CONVERSION = YES_AGGRESSIVE;
				CLANG_CXX_LANGUAGE_STANDARD = "gnu++14";
				CLANG_CXX_LIBRARY = "libc++";
				CLANG_ENABLE_MODULES = YES;
				CLANG_ENABLE_OBJC_ARC = YES;
				CLANG_ENABLE_OBJC_WEAK = YES;
				CLANG_WARN_BLOCK_CAPTURE_AUTORELEASING = YES;
				CLANG_WARN_BOOL_CONVERSION = YES;
				CLANG_WARN_COMMA = YES;
				CLANG_WARN_CONSTANT_CONVERSION = YES;
				CLANG_WARN_DEPRECATED_OBJC_IMPLEMENTATIONS = YES;
				CLANG_WARN_DIRECT_OBJC_ISA_USAGE = YES_ERROR;
				CLANG_WARN_DOCUMENTATION_COMMENTS = YES;
				CLANG_WARN_EMPTY_BODY = YES;
				CLANG_WARN_ENUM_CONVERSION = YES;
				CLANG_WARN_INFINITE_RECURSION = YES;
				CLANG_WARN_INT_CONVERSION = YES;
				CLANG_WARN_NON_LITERAL_NULL_CONVERSION = YES;
				CLANG_WARN_OBJC_IMPLICIT_RETAIN_SELF = YES;
				CLANG_WARN_OBJC_LITERAL_CONVERSION = YES;
				CLANG_WARN_OBJC_ROOT_CLASS = YES_ERROR;
				CLANG_WARN_QUOTED_INCLUDE_IN_FRAMEWORK_HEADER = YES;
				CLANG_WARN_RANGE_LOOP_ANALYSIS = YES;
				CLANG_WARN_STRICT_PROTOTYPES = YES;
				CLANG_WARN_SUSPICIOUS_MOVE = YES;
				CLANG_WARN_UNGUARDED_AVAILABILITY = YES_AGGRESSIVE;
				CLANG_WARN_UNREACHABLE_CODE = YES;
				CLANG_WARN__DUPLICATE_METHOD_MATCH = YES;
				COPY_PHASE_STRIP = NO;
				DEBUG_INFORMATION_FORMAT = "dwarf-with-dsym";
				ENABLE_NS_ASSERTIONS = NO;
				ENABLE_STRICT_OBJC_MSGSEND = YES;
				GCC_C_LANGUAGE_STANDARD = gnu11;
				GCC_NO_COMMON_BLOCKS = YES;
				GCC_WARN_64_TO_32_BIT_CONVERSION = YES;
				GCC_WARN_ABOUT_RETURN_TYPE = YES_ERROR;
				GCC_WARN_UNDECLARED_SELECTOR = YES;
				GCC_WARN_UNINITIALIZED_AUTOS = YES_AGGRESSIVE;
				GCC_WARN_UNUSED_FUNCTION = YES;
				GCC_WARN_UNUSED_VARIABLE = YES;
				IPHONEOS_DEPLOYMENT_TARGET = 14.3;
				MTL_ENABLE_DEBUG_INFO = NO;
				MTL_FAST_MATH = YES;
				SDKROOT = iphoneos;
				SWIFT_COMPILATION_MODE = wholemodule;
				SWIFT_OPTIMIZATION_LEVEL = "-O";
				VALIDATE_PRODUCT = YES;
			};
			name = Release;
		};
		07F1712325CDFC55001C39C6 /* Debug */ = {
			isa = XCBuildConfiguration;
			buildSettings = {
				ASSETCATALOG_COMPILER_APPICON_NAME = AppIcon;
				ASSETCATALOG_COMPILER_GLOBAL_ACCENT_COLOR_NAME = AccentColor;
				CODE_SIGN_STYLE = Automatic;
				DEVELOPMENT_TEAM = TLGKCSGGPB;
				INFOPLIST_FILE = "SeatGeek Project/Info.plist";
				IPHONEOS_DEPLOYMENT_TARGET = 12.0;
				LD_RUNPATH_SEARCH_PATHS = (
					"$(inherited)",
					"@executable_path/Frameworks",
				);
				PRODUCT_BUNDLE_IDENTIFIER = "com.mollylowder.SeatGeek-Project";
				PRODUCT_NAME = "$(TARGET_NAME)";
				SWIFT_VERSION = 5.0;
				TARGETED_DEVICE_FAMILY = "1,2";
			};
			name = Debug;
		};
		07F1712425CDFC55001C39C6 /* Release */ = {
			isa = XCBuildConfiguration;
			buildSettings = {
				ASSETCATALOG_COMPILER_APPICON_NAME = AppIcon;
				ASSETCATALOG_COMPILER_GLOBAL_ACCENT_COLOR_NAME = AccentColor;
				CODE_SIGN_STYLE = Automatic;
				DEVELOPMENT_TEAM = TLGKCSGGPB;
				INFOPLIST_FILE = "SeatGeek Project/Info.plist";
				IPHONEOS_DEPLOYMENT_TARGET = 12.0;
				LD_RUNPATH_SEARCH_PATHS = (
					"$(inherited)",
					"@executable_path/Frameworks",
				);
				PRODUCT_BUNDLE_IDENTIFIER = "com.mollylowder.SeatGeek-Project";
				PRODUCT_NAME = "$(TARGET_NAME)";
				SWIFT_VERSION = 5.0;
				TARGETED_DEVICE_FAMILY = "1,2";
			};
			name = Release;
		};
		07F1712625CDFC55001C39C6 /* Debug */ = {
			isa = XCBuildConfiguration;
			buildSettings = {
				ALWAYS_EMBED_SWIFT_STANDARD_LIBRARIES = YES;
				BUNDLE_LOADER = "$(TEST_HOST)";
				CODE_SIGN_STYLE = Automatic;
				DEVELOPMENT_TEAM = TLGKCSGGPB;
				INFOPLIST_FILE = "SeatGeek ProjectTests/Info.plist";
				IPHONEOS_DEPLOYMENT_TARGET = 14.3;
				LD_RUNPATH_SEARCH_PATHS = (
					"$(inherited)",
					"@executable_path/Frameworks",
					"@loader_path/Frameworks",
				);
				PRODUCT_BUNDLE_IDENTIFIER = "com.mollylowder.SeatGeek-ProjectTests";
				PRODUCT_NAME = "$(TARGET_NAME)";
				SWIFT_VERSION = 5.0;
				TARGETED_DEVICE_FAMILY = "1,2";
				TEST_HOST = "$(BUILT_PRODUCTS_DIR)/SeatGeek Project.app/SeatGeek Project";
			};
			name = Debug;
		};
		07F1712725CDFC55001C39C6 /* Release */ = {
			isa = XCBuildConfiguration;
			buildSettings = {
				ALWAYS_EMBED_SWIFT_STANDARD_LIBRARIES = YES;
				BUNDLE_LOADER = "$(TEST_HOST)";
				CODE_SIGN_STYLE = Automatic;
				DEVELOPMENT_TEAM = TLGKCSGGPB;
				INFOPLIST_FILE = "SeatGeek ProjectTests/Info.plist";
				IPHONEOS_DEPLOYMENT_TARGET = 14.3;
				LD_RUNPATH_SEARCH_PATHS = (
					"$(inherited)",
					"@executable_path/Frameworks",
					"@loader_path/Frameworks",
				);
				PRODUCT_BUNDLE_IDENTIFIER = "com.mollylowder.SeatGeek-ProjectTests";
				PRODUCT_NAME = "$(TARGET_NAME)";
				SWIFT_VERSION = 5.0;
				TARGETED_DEVICE_FAMILY = "1,2";
				TEST_HOST = "$(BUILT_PRODUCTS_DIR)/SeatGeek Project.app/SeatGeek Project";
			};
			name = Release;
		};
		07F1712925CDFC55001C39C6 /* Debug */ = {
			isa = XCBuildConfiguration;
			buildSettings = {
				ALWAYS_EMBED_SWIFT_STANDARD_LIBRARIES = YES;
				CODE_SIGN_STYLE = Automatic;
				DEVELOPMENT_TEAM = TLGKCSGGPB;
				INFOPLIST_FILE = "SeatGeek ProjectUITests/Info.plist";
				LD_RUNPATH_SEARCH_PATHS = (
					"$(inherited)",
					"@executable_path/Frameworks",
					"@loader_path/Frameworks",
				);
				PRODUCT_BUNDLE_IDENTIFIER = "com.mollylowder.SeatGeek-ProjectUITests";
				PRODUCT_NAME = "$(TARGET_NAME)";
				SWIFT_VERSION = 5.0;
				TARGETED_DEVICE_FAMILY = "1,2";
				TEST_TARGET_NAME = "SeatGeek Project";
			};
			name = Debug;
		};
		07F1712A25CDFC55001C39C6 /* Release */ = {
			isa = XCBuildConfiguration;
			buildSettings = {
				ALWAYS_EMBED_SWIFT_STANDARD_LIBRARIES = YES;
				CODE_SIGN_STYLE = Automatic;
				DEVELOPMENT_TEAM = TLGKCSGGPB;
				INFOPLIST_FILE = "SeatGeek ProjectUITests/Info.plist";
				LD_RUNPATH_SEARCH_PATHS = (
					"$(inherited)",
					"@executable_path/Frameworks",
					"@loader_path/Frameworks",
				);
				PRODUCT_BUNDLE_IDENTIFIER = "com.mollylowder.SeatGeek-ProjectUITests";
				PRODUCT_NAME = "$(TARGET_NAME)";
				SWIFT_VERSION = 5.0;
				TARGETED_DEVICE_FAMILY = "1,2";
				TEST_TARGET_NAME = "SeatGeek Project";
			};
			name = Release;
		};
/* End XCBuildConfiguration section */

/* Begin XCConfigurationList section */
		07F170F325CDFC50001C39C6 /* Build configuration list for PBXProject "SeatGeek Project" */ = {
			isa = XCConfigurationList;
			buildConfigurations = (
				07F1712025CDFC55001C39C6 /* Debug */,
				07F1712125CDFC55001C39C6 /* Release */,
			);
			defaultConfigurationIsVisible = 0;
			defaultConfigurationName = Release;
		};
		07F1712225CDFC55001C39C6 /* Build configuration list for PBXNativeTarget "SeatGeek Project" */ = {
			isa = XCConfigurationList;
			buildConfigurations = (
				07F1712325CDFC55001C39C6 /* Debug */,
				07F1712425CDFC55001C39C6 /* Release */,
			);
			defaultConfigurationIsVisible = 0;
			defaultConfigurationName = Release;
		};
		07F1712525CDFC55001C39C6 /* Build configuration list for PBXNativeTarget "SeatGeek ProjectTests" */ = {
			isa = XCConfigurationList;
			buildConfigurations = (
				07F1712625CDFC55001C39C6 /* Debug */,
				07F1712725CDFC55001C39C6 /* Release */,
			);
			defaultConfigurationIsVisible = 0;
			defaultConfigurationName = Release;
		};
		07F1712825CDFC55001C39C6 /* Build configuration list for PBXNativeTarget "SeatGeek ProjectUITests" */ = {
			isa = XCConfigurationList;
			buildConfigurations = (
				07F1712925CDFC55001C39C6 /* Debug */,
				07F1712A25CDFC55001C39C6 /* Release */,
			);
			defaultConfigurationIsVisible = 0;
			defaultConfigurationName = Release;
		};
/* End XCConfigurationList section */
	};
	rootObject = 07F170F025CDFC50001C39C6 /* Project object */;
}
